
Microsoft Visual Studio Solution File, Format Version 12.00
# Visual Studio 15
VisualStudioVersion = 15.0.28010.2050
MinimumVisualStudioVersion = 10.0.40219.1
Project("{FAE04EC0-301F-11D3-BF4B-00C04F79EFBC}") = "PARK.JONG.SOO", "PARK.JONG.SOO\PARK.JONG.SOO.csproj", "{5FE29FFF-D0E5-45A5-AB46-F11DEAF4D950}"
EndProject
Global
	GlobalSection(SolutionConfigurationPlatforms) = preSolution
		Debug|Any CPU = Debug|Any CPU
		Release|Any CPU = Release|Any CPU
	EndGlobalSection
	GlobalSection(ProjectConfigurationPlatforms) = postSolution
		{5FE29FFF-D0E5-45A5-AB46-F11DEAF4D950}.Debug|Any CPU.ActiveCfg = Debug|Any CPU
		{5FE29FFF-D0E5-45A5-AB46-F11DEAF4D950}.Debug|Any CPU.Build.0 = Debug|Any CPU
		{5FE29FFF-D0E5-45A5-AB46-F11DEAF4D950}.Release|Any CPU.ActiveCfg = Release|Any CPU
		{5FE29FFF-D0E5-45A5-AB46-F11DEAF4D950}.Release|Any CPU.Build.0 = Release|Any CPU
	EndGlobalSection
	GlobalSection(SolutionProperties) = preSolution
		HideSolutionNode = FALSE
	EndGlobalSection
	GlobalSection(ExtensibilityGlobals) = postSolution
		SolutionGuid = {A11234CD-E3D5-4FA5-BCA2-42B9696D1E14}
	EndGlobalSection
EndGlobal
